// !$*UTF8*$!
{
	archiveVersion = 1;
	classes = {
	};
	objectVersion = 56;
	objects = {

/* Begin PBXBuildFile section */
		5F3B3B872C2050310083673E /* AppDelegate.swift in Sources */ = {isa = PBXBuildFile; fileRef = 5F3B3B862C2050310083673E /* AppDelegate.swift */; };
		5F3B3B892C2050310083673E /* SceneDelegate.swift in Sources */ = {isa = PBXBuildFile; fileRef = 5F3B3B882C2050310083673E /* SceneDelegate.swift */; };
		5F3B3B902C2050320083673E /* Assets.xcassets in Resources */ = {isa = PBXBuildFile; fileRef = 5F3B3B8F2C2050320083673E /* Assets.xcassets */; };
		5F3B3B932C2050320083673E /* LaunchScreen.storyboard in Resources */ = {isa = PBXBuildFile; fileRef = 5F3B3B912C2050320083673E /* LaunchScreen.storyboard */; };
		5F3B3B9D2C2095E00083673E /* TaskObject.swift in Sources */ = {isa = PBXBuildFile; fileRef = 5F3B3B9C2C2095E00083673E /* TaskObject.swift */; };
		5F3B3BA02C20A5F80083673E /* TasksListViewController.swift in Sources */ = {isa = PBXBuildFile; fileRef = 5F3B3B9F2C20A5F80083673E /* TasksListViewController.swift */; };
		5F3B3BA32C20A6660083673E /* TasksTableView.swift in Sources */ = {isa = PBXBuildFile; fileRef = 5F3B3BA22C20A6660083673E /* TasksTableView.swift */; };
		5F61976B2C22BF6900FD8253 /* StartViewController.swift in Sources */ = {isa = PBXBuildFile; fileRef = 5F61976A2C22BF6900FD8253 /* StartViewController.swift */; };
		5F61976F2C22C0E300FD8253 /* LoginViewController.swift in Sources */ = {isa = PBXBuildFile; fileRef = 5F61976E2C22C0E300FD8253 /* LoginViewController.swift */; };
		5F6197712C22C1F500FD8253 /* SignUpViewController.swift in Sources */ = {isa = PBXBuildFile; fileRef = 5F6197702C22C1F500FD8253 /* SignUpViewController.swift */; };
		5F6197732C22C3EB00FD8253 /* RestorePasswordViewController.swift in Sources */ = {isa = PBXBuildFile; fileRef = 5F6197722C22C3EB00FD8253 /* RestorePasswordViewController.swift */; };
		5F6197772C22CDFD00FD8253 /* GoogleService-Info.plist in Resources */ = {isa = PBXBuildFile; fileRef = 5F6197762C22CDFD00FD8253 /* GoogleService-Info.plist */; };
		5F6197792C22CE8D00FD8253 /* Router.swift in Sources */ = {isa = PBXBuildFile; fileRef = 5F6197782C22CE8D00FD8253 /* Router.swift */; };
		5F61977C2C22E38400FD8253 /* Api.swift in Sources */ = {isa = PBXBuildFile; fileRef = 5F61977B2C22E38400FD8253 /* Api.swift */; };
		5F61977E2C22E84400FD8253 /* TasksService.swift in Sources */ = {isa = PBXBuildFile; fileRef = 5F61977D2C22E84400FD8253 /* TasksService.swift */; };
		5FB159112C216A8400BE3013 /* TaskTableViewCell.swift in Sources */ = {isa = PBXBuildFile; fileRef = 5FB159102C216A8400BE3013 /* TaskTableViewCell.swift */; };
		5FB159142C216EA900BE3013 /* UITableViewCell+ReuseIdentifier.swift in Sources */ = {isa = PBXBuildFile; fileRef = 5FB159132C216EA900BE3013 /* UITableViewCell+ReuseIdentifier.swift */; };
		5FB159192C21755100BE3013 /* TasksDatasource.swift in Sources */ = {isa = PBXBuildFile; fileRef = 5FB159182C21755100BE3013 /* TasksDatasource.swift */; };
		5FB1591B2C21842E00BE3013 /* TaskViewController.swift in Sources */ = {isa = PBXBuildFile; fileRef = 5FB1591A2C21842E00BE3013 /* TaskViewController.swift */; };
		5FB1591D2C21A79200BE3013 /* TasksRepository.swift in Sources */ = {isa = PBXBuildFile; fileRef = 5FB1591C2C21A79200BE3013 /* TasksRepository.swift */; };
		5FB159212C21D1A700BE3013 /* Date+ToString.swift in Sources */ = {isa = PBXBuildFile; fileRef = 5FB159202C21D1A700BE3013 /* Date+ToString.swift */; };
		5FB159242C21EB9400BE3013 /* UserSettings.swift in Sources */ = {isa = PBXBuildFile; fileRef = 5FB159232C21EB9400BE3013 /* UserSettings.swift */; };
		5FB159262C21F7E100BE3013 /* Constants.swift in Sources */ = {isa = PBXBuildFile; fileRef = 5FB159252C21F7E100BE3013 /* Constants.swift */; };
		5FF46BA22C26CEF900CF4DF2 /* RealmSwift in Frameworks */ = {isa = PBXBuildFile; productRef = 5FF46BA12C26CEF900CF4DF2 /* RealmSwift */; };
		5FF46BA52C26D1BE00CF4DF2 /* FirebaseAuth in Frameworks */ = {isa = PBXBuildFile; productRef = 5FF46BA42C26D1BE00CF4DF2 /* FirebaseAuth */; };
		5FF46BA72C26D1BE00CF4DF2 /* FirebaseDatabaseSwift in Frameworks */ = {isa = PBXBuildFile; productRef = 5FF46BA62C26D1BE00CF4DF2 /* FirebaseDatabaseSwift */; };
		5FF46BA92C26D1BE00CF4DF2 /* FirebaseFirestoreCombine-Community in Frameworks */ = {isa = PBXBuildFile; productRef = 5FF46BA82C26D1BE00CF4DF2 /* FirebaseFirestoreCombine-Community */; };
		5FF46BAC2C26D1EF00CF4DF2 /* GoogleSignIn in Frameworks */ = {isa = PBXBuildFile; productRef = 5FF46BAB2C26D1EF00CF4DF2 /* GoogleSignIn */; };
		5FF46BAE2C26D1EF00CF4DF2 /* GoogleSignInSwift in Frameworks */ = {isa = PBXBuildFile; productRef = 5FF46BAD2C26D1EF00CF4DF2 /* GoogleSignInSwift */; };
		5FF46BB12C26D20300CF4DF2 /* Moya in Frameworks */ = {isa = PBXBuildFile; productRef = 5FF46BB02C26D20300CF4DF2 /* Moya */; };
/* End PBXBuildFile section */

/* Begin PBXFileReference section */
		5F3B3B832C2050310083673E /* To-DoDemo.app */ = {isa = PBXFileReference; explicitFileType = wrapper.application; includeInIndex = 0; path = "To-DoDemo.app"; sourceTree = BUILT_PRODUCTS_DIR; };
		5F3B3B862C2050310083673E /* AppDelegate.swift */ = {isa = PBXFileReference; lastKnownFileType = sourcecode.swift; path = AppDelegate.swift; sourceTree = "<group>"; };
		5F3B3B882C2050310083673E /* SceneDelegate.swift */ = {isa = PBXFileReference; lastKnownFileType = sourcecode.swift; path = SceneDelegate.swift; sourceTree = "<group>"; };
		5F3B3B8F2C2050320083673E /* Assets.xcassets */ = {isa = PBXFileReference; lastKnownFileType = folder.assetcatalog; path = Assets.xcassets; sourceTree = "<group>"; };
		5F3B3B922C2050320083673E /* Base */ = {isa = PBXFileReference; lastKnownFileType = file.storyboard; name = Base; path = Base.lproj/LaunchScreen.storyboard; sourceTree = "<group>"; };
		5F3B3B942C2050320083673E /* Info.plist */ = {isa = PBXFileReference; lastKnownFileType = text.plist.xml; path = Info.plist; sourceTree = "<group>"; };
		5F3B3B9C2C2095E00083673E /* TaskObject.swift */ = {isa = PBXFileReference; lastKnownFileType = sourcecode.swift; path = TaskObject.swift; sourceTree = "<group>"; };
		5F3B3B9F2C20A5F80083673E /* TasksListViewController.swift */ = {isa = PBXFileReference; lastKnownFileType = sourcecode.swift; path = TasksListViewController.swift; sourceTree = "<group>"; };
		5F3B3BA22C20A6660083673E /* TasksTableView.swift */ = {isa = PBXFileReference; lastKnownFileType = sourcecode.swift; path = TasksTableView.swift; sourceTree = "<group>"; };
		5F61976A2C22BF6900FD8253 /* StartViewController.swift */ = {isa = PBXFileReference; lastKnownFileType = sourcecode.swift; path = StartViewController.swift; sourceTree = "<group>"; };
		5F61976E2C22C0E300FD8253 /* LoginViewController.swift */ = {isa = PBXFileReference; lastKnownFileType = sourcecode.swift; path = LoginViewController.swift; sourceTree = "<group>"; };
		5F6197702C22C1F500FD8253 /* SignUpViewController.swift */ = {isa = PBXFileReference; lastKnownFileType = sourcecode.swift; path = SignUpViewController.swift; sourceTree = "<group>"; };
		5F6197722C22C3EB00FD8253 /* RestorePasswordViewController.swift */ = {isa = PBXFileReference; lastKnownFileType = sourcecode.swift; path = RestorePasswordViewController.swift; sourceTree = "<group>"; };
		5F6197762C22CDFD00FD8253 /* GoogleService-Info.plist */ = {isa = PBXFileReference; fileEncoding = 4; lastKnownFileType = text.plist.xml; path = "GoogleService-Info.plist"; sourceTree = "<group>"; };
		5F6197782C22CE8D00FD8253 /* Router.swift */ = {isa = PBXFileReference; lastKnownFileType = sourcecode.swift; path = Router.swift; sourceTree = "<group>"; };
		5F61977B2C22E38400FD8253 /* Api.swift */ = {isa = PBXFileReference; lastKnownFileType = sourcecode.swift; path = Api.swift; sourceTree = "<group>"; };
		5F61977D2C22E84400FD8253 /* TasksService.swift */ = {isa = PBXFileReference; lastKnownFileType = sourcecode.swift; path = TasksService.swift; sourceTree = "<group>"; };
		5FB159102C216A8400BE3013 /* TaskTableViewCell.swift */ = {isa = PBXFileReference; lastKnownFileType = sourcecode.swift; path = TaskTableViewCell.swift; sourceTree = "<group>"; };
		5FB159132C216EA900BE3013 /* UITableViewCell+ReuseIdentifier.swift */ = {isa = PBXFileReference; lastKnownFileType = sourcecode.swift; path = "UITableViewCell+ReuseIdentifier.swift"; sourceTree = "<group>"; };
		5FB159182C21755100BE3013 /* TasksDatasource.swift */ = {isa = PBXFileReference; lastKnownFileType = sourcecode.swift; path = TasksDatasource.swift; sourceTree = "<group>"; };
		5FB1591A2C21842E00BE3013 /* TaskViewController.swift */ = {isa = PBXFileReference; lastKnownFileType = sourcecode.swift; path = TaskViewController.swift; sourceTree = "<group>"; };
		5FB1591C2C21A79200BE3013 /* TasksRepository.swift */ = {isa = PBXFileReference; lastKnownFileType = sourcecode.swift; path = TasksRepository.swift; sourceTree = "<group>"; };
		5FB159202C21D1A700BE3013 /* Date+ToString.swift */ = {isa = PBXFileReference; lastKnownFileType = sourcecode.swift; path = "Date+ToString.swift"; sourceTree = "<group>"; };
		5FB159232C21EB9400BE3013 /* UserSettings.swift */ = {isa = PBXFileReference; lastKnownFileType = sourcecode.swift; path = UserSettings.swift; sourceTree = "<group>"; };
		5FB159252C21F7E100BE3013 /* Constants.swift */ = {isa = PBXFileReference; lastKnownFileType = sourcecode.swift; path = Constants.swift; sourceTree = "<group>"; };
/* End PBXFileReference section */

/* Begin PBXFrameworksBuildPhase section */
		5F3B3B802C2050310083673E /* Frameworks */ = {
			isa = PBXFrameworksBuildPhase;
			buildActionMask = 2147483647;
			files = (
				5FF46BAC2C26D1EF00CF4DF2 /* GoogleSignIn in Frameworks */,
				5FF46BA72C26D1BE00CF4DF2 /* FirebaseDatabaseSwift in Frameworks */,
				5FF46BA92C26D1BE00CF4DF2 /* FirebaseFirestoreCombine-Community in Frameworks */,
				5FF46BAE2C26D1EF00CF4DF2 /* GoogleSignInSwift in Frameworks */,
				5FF46BA22C26CEF900CF4DF2 /* RealmSwift in Frameworks */,
				5FF46BB12C26D20300CF4DF2 /* Moya in Frameworks */,
				5FF46BA52C26D1BE00CF4DF2 /* FirebaseAuth in Frameworks */,
			);
			runOnlyForDeploymentPostprocessing = 0;
		};
/* End PBXFrameworksBuildPhase section */

/* Begin PBXGroup section */
		5F3B3B7A2C2050310083673E = {
			isa = PBXGroup;
			children = (
				5F3B3B852C2050310083673E /* To-DoDemo */,
				5F3B3B842C2050310083673E /* Products */,
			);
			sourceTree = "<group>";
		};
		5F3B3B842C2050310083673E /* Products */ = {
			isa = PBXGroup;
			children = (
				5F3B3B832C2050310083673E /* To-DoDemo.app */,
			);
			name = Products;
			sourceTree = "<group>";
		};
		5F3B3B852C2050310083673E /* To-DoDemo */ = {
			isa = PBXGroup;
			children = (
				5FB159222C21EB8200BE3013 /* Utils */,
				5FB159122C216E9100BE3013 /* Extensions */,
				5F3B3BA12C20A6530083673E /* Views */,
				5F3B3B9E2C20A5DE0083673E /* Controllers */,
				5F3B3B9A2C2095820083673E /* Model */,
				5F3B3B862C2050310083673E /* AppDelegate.swift */,
				5F3B3B882C2050310083673E /* SceneDelegate.swift */,
				5F3B3B8F2C2050320083673E /* Assets.xcassets */,
				5F3B3B912C2050320083673E /* LaunchScreen.storyboard */,
				5F3B3B942C2050320083673E /* Info.plist */,
				5F6197762C22CDFD00FD8253 /* GoogleService-Info.plist */,
			);
			path = "To-DoDemo";
			sourceTree = "<group>";
		};
		5F3B3B9A2C2095820083673E /* Model */ = {
			isa = PBXGroup;
			children = (
				5FB159152C2170AF00BE3013 /* Repository */,
				5F3B3B9B2C20958C0083673E /* Entity */,
			);
			path = Model;
			sourceTree = "<group>";
		};
		5F3B3B9B2C20958C0083673E /* Entity */ = {
			isa = PBXGroup;
			children = (
				5F3B3B9C2C2095E00083673E /* TaskObject.swift */,
			);
			path = Entity;
			sourceTree = "<group>";
		};
		5F3B3B9E2C20A5DE0083673E /* Controllers */ = {
			isa = PBXGroup;
			children = (
				5F61976D2C22C0CC00FD8253 /* Auth */,
				5F61976C2C22C0BF00FD8253 /* Main */,
			);
			path = Controllers;
			sourceTree = "<group>";
		};
		5F3B3BA12C20A6530083673E /* Views */ = {
			isa = PBXGroup;
			children = (
				5F3B3BA22C20A6660083673E /* TasksTableView.swift */,
				5FB159102C216A8400BE3013 /* TaskTableViewCell.swift */,
			);
			path = Views;
			sourceTree = "<group>";
		};
		5F61976C2C22C0BF00FD8253 /* Main */ = {
			isa = PBXGroup;
			children = (
				5F3B3B9F2C20A5F80083673E /* TasksListViewController.swift */,
				5FB159182C21755100BE3013 /* TasksDatasource.swift */,
				5FB1591A2C21842E00BE3013 /* TaskViewController.swift */,
			);
			path = Main;
			sourceTree = "<group>";
		};
		5F61976D2C22C0CC00FD8253 /* Auth */ = {
			isa = PBXGroup;
			children = (
				5F61976A2C22BF6900FD8253 /* StartViewController.swift */,
				5F61976E2C22C0E300FD8253 /* LoginViewController.swift */,
				5F6197702C22C1F500FD8253 /* SignUpViewController.swift */,
				5F6197722C22C3EB00FD8253 /* RestorePasswordViewController.swift */,
			);
			path = Auth;
			sourceTree = "<group>";
		};
		5F61977A2C22E37300FD8253 /* Network */ = {
			isa = PBXGroup;
			children = (
				5F61977B2C22E38400FD8253 /* Api.swift */,
				5F61977D2C22E84400FD8253 /* TasksService.swift */,
			);
			path = Network;
			sourceTree = "<group>";
		};
		5FB159122C216E9100BE3013 /* Extensions */ = {
			isa = PBXGroup;
			children = (
				5FB159132C216EA900BE3013 /* UITableViewCell+ReuseIdentifier.swift */,
				5FB159202C21D1A700BE3013 /* Date+ToString.swift */,
			);
			path = Extensions;
			sourceTree = "<group>";
		};
		5FB159152C2170AF00BE3013 /* Repository */ = {
			isa = PBXGroup;
			children = (
				5FB1591C2C21A79200BE3013 /* TasksRepository.swift */,
			);
			path = Repository;
			sourceTree = "<group>";
		};
		5FB159222C21EB8200BE3013 /* Utils */ = {
			isa = PBXGroup;
			children = (
				5F61977A2C22E37300FD8253 /* Network */,
				5FB159232C21EB9400BE3013 /* UserSettings.swift */,
				5FB159252C21F7E100BE3013 /* Constants.swift */,
				5F6197782C22CE8D00FD8253 /* Router.swift */,
			);
			path = Utils;
			sourceTree = "<group>";
		};
/* End PBXGroup section */

/* Begin PBXNativeTarget section */
		5F3B3B822C2050310083673E /* To-DoDemo */ = {
			isa = PBXNativeTarget;
			buildConfigurationList = 5F3B3B972C2050320083673E /* Build configuration list for PBXNativeTarget "To-DoDemo" */;
			buildPhases = (
				5F3B3B7F2C2050310083673E /* Sources */,
				5F3B3B802C2050310083673E /* Frameworks */,
				5F3B3B812C2050310083673E /* Resources */,
			);
			buildRules = (
			);
			dependencies = (
			);
			name = "To-DoDemo";
			packageProductDependencies = (
				5FF46BA12C26CEF900CF4DF2 /* RealmSwift */,
				5FF46BA42C26D1BE00CF4DF2 /* FirebaseAuth */,
				5FF46BA62C26D1BE00CF4DF2 /* FirebaseDatabaseSwift */,
				5FF46BA82C26D1BE00CF4DF2 /* FirebaseFirestoreCombine-Community */,
				5FF46BAB2C26D1EF00CF4DF2 /* GoogleSignIn */,
				5FF46BAD2C26D1EF00CF4DF2 /* GoogleSignInSwift */,
				5FF46BB02C26D20300CF4DF2 /* Moya */,
			);
			productName = "To-DoDemo";
			productReference = 5F3B3B832C2050310083673E /* To-DoDemo.app */;
			productType = "com.apple.product-type.application";
		};
/* End PBXNativeTarget section */

/* Begin PBXProject section */
		5F3B3B7B2C2050310083673E /* Project object */ = {
			isa = PBXProject;
			attributes = {
				BuildIndependentTargetsInParallel = 1;
				LastSwiftUpdateCheck = 1510;
				LastUpgradeCheck = 1510;
				TargetAttributes = {
					5F3B3B822C2050310083673E = {
						CreatedOnToolsVersion = 15.1;
					};
				};
			};
			buildConfigurationList = 5F3B3B7E2C2050310083673E /* Build configuration list for PBXProject "To-DoDemo" */;
			compatibilityVersion = "Xcode 14.0";
			developmentRegion = en;
			hasScannedForEncodings = 0;
			knownRegions = (
				en,
				Base,
			);
			mainGroup = 5F3B3B7A2C2050310083673E;
			packageReferences = (
				5FF46BA02C26CEF900CF4DF2 /* XCRemoteSwiftPackageReference "realm-swift" */,
				5FF46BA32C26D1BE00CF4DF2 /* XCRemoteSwiftPackageReference "firebase-ios-sdk" */,
				5FF46BAA2C26D1EE00CF4DF2 /* XCRemoteSwiftPackageReference "GoogleSignIn-iOS" */,
				5FF46BAF2C26D20300CF4DF2 /* XCRemoteSwiftPackageReference "Moya" */,
			);
			productRefGroup = 5F3B3B842C2050310083673E /* Products */;
			projectDirPath = "";
			projectRoot = "";
			targets = (
				5F3B3B822C2050310083673E /* To-DoDemo */,
			);
		};
/* End PBXProject section */

/* Begin PBXResourcesBuildPhase section */
		5F3B3B812C2050310083673E /* Resources */ = {
			isa = PBXResourcesBuildPhase;
			buildActionMask = 2147483647;
			files = (
				5F6197772C22CDFD00FD8253 /* GoogleService-Info.plist in Resources */,
				5F3B3B932C2050320083673E /* LaunchScreen.storyboard in Resources */,
				5F3B3B902C2050320083673E /* Assets.xcassets in Resources */,
			);
			runOnlyForDeploymentPostprocessing = 0;
		};
/* End PBXResourcesBuildPhase section */

/* Begin PBXSourcesBuildPhase section */
		5F3B3B7F2C2050310083673E /* Sources */ = {
			isa = PBXSourcesBuildPhase;
			buildActionMask = 2147483647;
			files = (
				5FB159112C216A8400BE3013 /* TaskTableViewCell.swift in Sources */,
				5F61976B2C22BF6900FD8253 /* StartViewController.swift in Sources */,
				5F3B3BA32C20A6660083673E /* TasksTableView.swift in Sources */,
				5F61977C2C22E38400FD8253 /* Api.swift in Sources */,
				5F61977E2C22E84400FD8253 /* TasksService.swift in Sources */,
				5F61976F2C22C0E300FD8253 /* LoginViewController.swift in Sources */,
				5F6197792C22CE8D00FD8253 /* Router.swift in Sources */,
				5FB159192C21755100BE3013 /* TasksDatasource.swift in Sources */,
				5F3B3B9D2C2095E00083673E /* TaskObject.swift in Sources */,
				5FB159242C21EB9400BE3013 /* UserSettings.swift in Sources */,
				5FB159142C216EA900BE3013 /* UITableViewCell+ReuseIdentifier.swift in Sources */,
				5FB159212C21D1A700BE3013 /* Date+ToString.swift in Sources */,
				5FB159262C21F7E100BE3013 /* Constants.swift in Sources */,
				5F6197712C22C1F500FD8253 /* SignUpViewController.swift in Sources */,
				5F6197732C22C3EB00FD8253 /* RestorePasswordViewController.swift in Sources */,
				5FB1591D2C21A79200BE3013 /* TasksRepository.swift in Sources */,
				5F3B3BA02C20A5F80083673E /* TasksListViewController.swift in Sources */,
				5F3B3B872C2050310083673E /* AppDelegate.swift in Sources */,
				5FB1591B2C21842E00BE3013 /* TaskViewController.swift in Sources */,
				5F3B3B892C2050310083673E /* SceneDelegate.swift in Sources */,
			);
			runOnlyForDeploymentPostprocessing = 0;
		};
/* End PBXSourcesBuildPhase section */

/* Begin PBXVariantGroup section */
		5F3B3B912C2050320083673E /* LaunchScreen.storyboard */ = {
			isa = PBXVariantGroup;
			children = (
				5F3B3B922C2050320083673E /* Base */,
			);
			name = LaunchScreen.storyboard;
			sourceTree = "<group>";
		};
/* End PBXVariantGroup section */

/* Begin XCBuildConfiguration section */
		5F3B3B952C2050320083673E /* Debug */ = {
			isa = XCBuildConfiguration;
			buildSettings = {
				ALWAYS_SEARCH_USER_PATHS = NO;
				ASSETCATALOG_COMPILER_GENERATE_SWIFT_ASSET_SYMBOL_EXTENSIONS = YES;
				CLANG_ANALYZER_NONNULL = YES;
				CLANG_ANALYZER_NUMBER_OBJECT_CONVERSION = YES_AGGRESSIVE;
				CLANG_CXX_LANGUAGE_STANDARD = "gnu++20";
				CLANG_ENABLE_MODULES = YES;
				CLANG_ENABLE_OBJC_ARC = YES;
				CLANG_ENABLE_OBJC_WEAK = YES;
				CLANG_WARN_BLOCK_CAPTURE_AUTORELEASING = YES;
				CLANG_WARN_BOOL_CONVERSION = YES;
				CLANG_WARN_COMMA = YES;
				CLANG_WARN_CONSTANT_CONVERSION = YES;
				CLANG_WARN_DEPRECATED_OBJC_IMPLEMENTATIONS = YES;
				CLANG_WARN_DIRECT_OBJC_ISA_USAGE = YES_ERROR;
				CLANG_WARN_DOCUMENTATION_COMMENTS = YES;
				CLANG_WARN_EMPTY_BODY = YES;
				CLANG_WARN_ENUM_CONVERSION = YES;
				CLANG_WARN_INFINITE_RECURSION = YES;
				CLANG_WARN_INT_CONVERSION = YES;
				CLANG_WARN_NON_LITERAL_NULL_CONVERSION = YES;
				CLANG_WARN_OBJC_IMPLICIT_RETAIN_SELF = YES;
				CLANG_WARN_OBJC_LITERAL_CONVERSION = YES;
				CLANG_WARN_OBJC_ROOT_CLASS = YES_ERROR;
				CLANG_WARN_QUOTED_INCLUDE_IN_FRAMEWORK_HEADER = YES;
				CLANG_WARN_RANGE_LOOP_ANALYSIS = YES;
				CLANG_WARN_STRICT_PROTOTYPES = YES;
				CLANG_WARN_SUSPICIOUS_MOVE = YES;
				CLANG_WARN_UNGUARDED_AVAILABILITY = YES_AGGRESSIVE;
				CLANG_WARN_UNREACHABLE_CODE = YES;
				CLANG_WARN__DUPLICATE_METHOD_MATCH = YES;
				COPY_PHASE_STRIP = NO;
				DEBUG_INFORMATION_FORMAT = dwarf;
				ENABLE_STRICT_OBJC_MSGSEND = YES;
				ENABLE_TESTABILITY = YES;
				ENABLE_USER_SCRIPT_SANDBOXING = YES;
				GCC_C_LANGUAGE_STANDARD = gnu17;
				GCC_DYNAMIC_NO_PIC = NO;
				GCC_NO_COMMON_BLOCKS = YES;
				GCC_OPTIMIZATION_LEVEL = 0;
				GCC_PREPROCESSOR_DEFINITIONS = (
					"DEBUG=1",
					"$(inherited)",
				);
				GCC_WARN_64_TO_32_BIT_CONVERSION = YES;
				GCC_WARN_ABOUT_RETURN_TYPE = YES_ERROR;
				GCC_WARN_UNDECLARED_SELECTOR = YES;
				GCC_WARN_UNINITIALIZED_AUTOS = YES_AGGRESSIVE;
				GCC_WARN_UNUSED_FUNCTION = YES;
				GCC_WARN_UNUSED_VARIABLE = YES;
				IPHONEOS_DEPLOYMENT_TARGET = 17.2;
				LOCALIZATION_PREFERS_STRING_CATALOGS = YES;
				MTL_ENABLE_DEBUG_INFO = INCLUDE_SOURCE;
				MTL_FAST_MATH = YES;
				ONLY_ACTIVE_ARCH = YES;
				SDKROOT = iphoneos;
				SWIFT_ACTIVE_COMPILATION_CONDITIONS = "DEBUG $(inherited)";
				SWIFT_OPTIMIZATION_LEVEL = "-Onone";
			};
			name = Debug;
		};
		5F3B3B962C2050320083673E /* Release */ = {
			isa = XCBuildConfiguration;
			buildSettings = {
				ALWAYS_SEARCH_USER_PATHS = NO;
				ASSETCATALOG_COMPILER_GENERATE_SWIFT_ASSET_SYMBOL_EXTENSIONS = YES;
				CLANG_ANALYZER_NONNULL = YES;
				CLANG_ANALYZER_NUMBER_OBJECT_CONVERSION = YES_AGGRESSIVE;
				CLANG_CXX_LANGUAGE_STANDARD = "gnu++20";
				CLANG_ENABLE_MODULES = YES;
				CLANG_ENABLE_OBJC_ARC = YES;
				CLANG_ENABLE_OBJC_WEAK = YES;
				CLANG_WARN_BLOCK_CAPTURE_AUTORELEASING = YES;
				CLANG_WARN_BOOL_CONVERSION = YES;
				CLANG_WARN_COMMA = YES;
				CLANG_WARN_CONSTANT_CONVERSION = YES;
				CLANG_WARN_DEPRECATED_OBJC_IMPLEMENTATIONS = YES;
				CLANG_WARN_DIRECT_OBJC_ISA_USAGE = YES_ERROR;
				CLANG_WARN_DOCUMENTATION_COMMENTS = YES;
				CLANG_WARN_EMPTY_BODY = YES;
				CLANG_WARN_ENUM_CONVERSION = YES;
				CLANG_WARN_INFINITE_RECURSION = YES;
				CLANG_WARN_INT_CONVERSION = YES;
				CLANG_WARN_NON_LITERAL_NULL_CONVERSION = YES;
				CLANG_WARN_OBJC_IMPLICIT_RETAIN_SELF = YES;
				CLANG_WARN_OBJC_LITERAL_CONVERSION = YES;
				CLANG_WARN_OBJC_ROOT_CLASS = YES_ERROR;
				CLANG_WARN_QUOTED_INCLUDE_IN_FRAMEWORK_HEADER = YES;
				CLANG_WARN_RANGE_LOOP_ANALYSIS = YES;
				CLANG_WARN_STRICT_PROTOTYPES = YES;
				CLANG_WARN_SUSPICIOUS_MOVE = YES;
				CLANG_WARN_UNGUARDED_AVAILABILITY = YES_AGGRESSIVE;
				CLANG_WARN_UNREACHABLE_CODE = YES;
				CLANG_WARN__DUPLICATE_METHOD_MATCH = YES;
				COPY_PHASE_STRIP = NO;
				DEBUG_INFORMATION_FORMAT = "dwarf-with-dsym";
				ENABLE_NS_ASSERTIONS = NO;
				ENABLE_STRICT_OBJC_MSGSEND = YES;
				ENABLE_USER_SCRIPT_SANDBOXING = YES;
				GCC_C_LANGUAGE_STANDARD = gnu17;
				GCC_NO_COMMON_BLOCKS = YES;
				GCC_WARN_64_TO_32_BIT_CONVERSION = YES;
				GCC_WARN_ABOUT_RETURN_TYPE = YES_ERROR;
				GCC_WARN_UNDECLARED_SELECTOR = YES;
				GCC_WARN_UNINITIALIZED_AUTOS = YES_AGGRESSIVE;
				GCC_WARN_UNUSED_FUNCTION = YES;
				GCC_WARN_UNUSED_VARIABLE = YES;
				IPHONEOS_DEPLOYMENT_TARGET = 17.2;
				LOCALIZATION_PREFERS_STRING_CATALOGS = YES;
				MTL_ENABLE_DEBUG_INFO = NO;
				MTL_FAST_MATH = YES;
				SDKROOT = iphoneos;
				SWIFT_COMPILATION_MODE = wholemodule;
				VALIDATE_PRODUCT = YES;
			};
			name = Release;
		};
		5F3B3B982C2050320083673E /* Debug */ = {
			isa = XCBuildConfiguration;
			buildSettings = {
				ASSETCATALOG_COMPILER_APPICON_NAME = AppIcon;
				ASSETCATALOG_COMPILER_GLOBAL_ACCENT_COLOR_NAME = AccentColor;
				CODE_SIGN_STYLE = Automatic;
				CURRENT_PROJECT_VERSION = 1;
				DEVELOPMENT_TEAM = PGXR3ZUCW4;
				ENABLE_USER_SCRIPT_SANDBOXING = NO;
				GENERATE_INFOPLIST_FILE = YES;
				INFOPLIST_FILE = "To-DoDemo/Info.plist";
				INFOPLIST_KEY_UIApplicationSupportsIndirectInputEvents = YES;
				INFOPLIST_KEY_UILaunchStoryboardName = LaunchScreen;
				INFOPLIST_KEY_UISupportedInterfaceOrientations_iPad = "UIInterfaceOrientationPortrait UIInterfaceOrientationPortraitUpsideDown UIInterfaceOrientationLandscapeLeft UIInterfaceOrientationLandscapeRight";
				INFOPLIST_KEY_UISupportedInterfaceOrientations_iPhone = "UIInterfaceOrientationPortrait UIInterfaceOrientationLandscapeLeft UIInterfaceOrientationLandscapeRight";
				IPHONEOS_DEPLOYMENT_TARGET = 13.0;
				LD_RUNPATH_SEARCH_PATHS = (
					"$(inherited)",
					"@executable_path/Frameworks",
				);
				MARKETING_VERSION = 1.0;
				PRODUCT_BUNDLE_IDENTIFIER = "com.Khomyakov.To-DoDemo";
				PRODUCT_NAME = "$(TARGET_NAME)";
				SWIFT_EMIT_LOC_STRINGS = YES;
				SWIFT_VERSION = 5.0;
				TARGETED_DEVICE_FAMILY = "1,2";
			};
			name = Debug;
		};
		5F3B3B992C2050320083673E /* Release */ = {
			isa = XCBuildConfiguration;
			buildSettings = {
				ASSETCATALOG_COMPILER_APPICON_NAME = AppIcon;
				ASSETCATALOG_COMPILER_GLOBAL_ACCENT_COLOR_NAME = AccentColor;
				CODE_SIGN_STYLE = Automatic;
				CURRENT_PROJECT_VERSION = 1;
				DEVELOPMENT_TEAM = PGXR3ZUCW4;
				ENABLE_USER_SCRIPT_SANDBOXING = NO;
				GENERATE_INFOPLIST_FILE = YES;
				INFOPLIST_FILE = "To-DoDemo/Info.plist";
				INFOPLIST_KEY_UIApplicationSupportsIndirectInputEvents = YES;
				INFOPLIST_KEY_UILaunchStoryboardName = LaunchScreen;
				INFOPLIST_KEY_UISupportedInterfaceOrientations_iPad = "UIInterfaceOrientationPortrait UIInterfaceOrientationPortraitUpsideDown UIInterfaceOrientationLandscapeLeft UIInterfaceOrientationLandscapeRight";
				INFOPLIST_KEY_UISupportedInterfaceOrientations_iPhone = "UIInterfaceOrientationPortrait UIInterfaceOrientationLandscapeLeft UIInterfaceOrientationLandscapeRight";
				IPHONEOS_DEPLOYMENT_TARGET = 13.0;
				LD_RUNPATH_SEARCH_PATHS = (
					"$(inherited)",
					"@executable_path/Frameworks",
				);
				MARKETING_VERSION = 1.0;
				PRODUCT_BUNDLE_IDENTIFIER = "com.Khomyakov.To-DoDemo";
				PRODUCT_NAME = "$(TARGET_NAME)";
				SWIFT_EMIT_LOC_STRINGS = YES;
				SWIFT_VERSION = 5.0;
				TARGETED_DEVICE_FAMILY = "1,2";
			};
			name = Release;
		};
/* End XCBuildConfiguration section */

/* Begin XCConfigurationList section */
		5F3B3B7E2C2050310083673E /* Build configuration list for PBXProject "To-DoDemo" */ = {
			isa = XCConfigurationList;
			buildConfigurations = (
				5F3B3B952C2050320083673E /* Debug */,
				5F3B3B962C2050320083673E /* Release */,
			);
			defaultConfigurationIsVisible = 0;
			defaultConfigurationName = Release;
		};
		5F3B3B972C2050320083673E /* Build configuration list for PBXNativeTarget "To-DoDemo" */ = {
			isa = XCConfigurationList;
			buildConfigurations = (
				5F3B3B982C2050320083673E /* Debug */,
				5F3B3B992C2050320083673E /* Release */,
			);
			defaultConfigurationIsVisible = 0;
			defaultConfigurationName = Release;
		};
/* End XCConfigurationList section */

/* Begin XCRemoteSwiftPackageReference section */
		5FF46BA02C26CEF900CF4DF2 /* XCRemoteSwiftPackageReference "realm-swift" */ = {
			isa = XCRemoteSwiftPackageReference;
			repositoryURL = "https://github.com/realm/realm-swift.git";
			requirement = {
				kind = upToNextMajorVersion;
				minimumVersion = 10.52.0;
			};
		};
		5FF46BA32C26D1BE00CF4DF2 /* XCRemoteSwiftPackageReference "firebase-ios-sdk" */ = {
			isa = XCRemoteSwiftPackageReference;
			repositoryURL = "https://github.com/firebase/firebase-ios-sdk";
			requirement = {
				kind = upToNextMajorVersion;
				minimumVersion = 10.28.0;
			};
		};
		5FF46BAA2C26D1EE00CF4DF2 /* XCRemoteSwiftPackageReference "GoogleSignIn-iOS" */ = {
			isa = XCRemoteSwiftPackageReference;
			repositoryURL = "https://github.com/google/GoogleSignIn-iOS";
			requirement = {
				kind = upToNextMajorVersion;
				minimumVersion = 7.1.0;
			};
		};
		5FF46BAF2C26D20300CF4DF2 /* XCRemoteSwiftPackageReference "Moya" */ = {
			isa = XCRemoteSwiftPackageReference;
			repositoryURL = "https://github.com/Moya/Moya.git";
			requirement = {
				kind = upToNextMajorVersion;
				minimumVersion = 15.0.3;
			};
		};
/* End XCRemoteSwiftPackageReference section */

/* Begin XCSwiftPackageProductDependency section */
		5FF46BA12C26CEF900CF4DF2 /* RealmSwift */ = {
			isa = XCSwiftPackageProductDependency;
			package = 5FF46BA02C26CEF900CF4DF2 /* XCRemoteSwiftPackageReference "realm-swift" */;
			productName = RealmSwift;
		};
		5FF46BA42C26D1BE00CF4DF2 /* FirebaseAuth */ = {
			isa = XCSwiftPackageProductDependency;
			package = 5FF46BA32C26D1BE00CF4DF2 /* XCRemoteSwiftPackageReference "firebase-ios-sdk" */;
			productName = FirebaseAuth;
		};
		5FF46BA62C26D1BE00CF4DF2 /* FirebaseDatabaseSwift */ = {
			isa = XCSwiftPackageProductDependency;
			package = 5FF46BA32C26D1BE00CF4DF2 /* XCRemoteSwiftPackageReference "firebase-ios-sdk" */;
			productName = FirebaseDatabaseSwift;
		};
		5FF46BA82C26D1BE00CF4DF2 /* FirebaseFirestoreCombine-Community */ = {
			isa = XCSwiftPackageProductDependency;
			package = 5FF46BA32C26D1BE00CF4DF2 /* XCRemoteSwiftPackageReference "firebase-ios-sdk" */;
			productName = "FirebaseFirestoreCombine-Community";
		};
		5FF46BAB2C26D1EF00CF4DF2 /* GoogleSignIn */ = {
			isa = XCSwiftPackageProductDependency;
			package = 5FF46BAA2C26D1EE00CF4DF2 /* XCRemoteSwiftPackageReference "GoogleSignIn-iOS" */;
			productName = GoogleSignIn;
		};
		5FF46BAD2C26D1EF00CF4DF2 /* GoogleSignInSwift */ = {
			isa = XCSwiftPackageProductDependency;
			package = 5FF46BAA2C26D1EE00CF4DF2 /* XCRemoteSwiftPackageReference "GoogleSignIn-iOS" */;
			productName = GoogleSignInSwift;
		};
		5FF46BB02C26D20300CF4DF2 /* Moya */ = {
			isa = XCSwiftPackageProductDependency;
			package = 5FF46BAF2C26D20300CF4DF2 /* XCRemoteSwiftPackageReference "Moya" */;
			productName = Moya;
		};
/* End XCSwiftPackageProductDependency section */
	};
	rootObject = 5F3B3B7B2C2050310083673E /* Project object */;
}
